// !$*UTF8*$!
{
	archiveVersion = 1;
	classes = {
	};
	objectVersion = 46;
	objects = {

/* Begin PBXBuildFile section */
		50A3154619F737C200973954 /* AppDelegate.swift in Sources */ = {isa = PBXBuildFile; fileRef = 50A3154519F737C200973954 /* AppDelegate.swift */; };
		50A3154919F737C200973954 /* SwiftLandscapeCalc.xcdatamodeld in Sources */ = {isa = PBXBuildFile; fileRef = 50A3154719F737C200973954 /* SwiftLandscapeCalc.xcdatamodeld */; };
		50A3154B19F737C200973954 /* ViewController.swift in Sources */ = {isa = PBXBuildFile; fileRef = 50A3154A19F737C200973954 /* ViewController.swift */; };
		50A3154E19F737C200973954 /* Main.storyboard in Resources */ = {isa = PBXBuildFile; fileRef = 50A3154C19F737C200973954 /* Main.storyboard */; };
		50A3155019F737C200973954 /* Images.xcassets in Resources */ = {isa = PBXBuildFile; fileRef = 50A3154F19F737C200973954 /* Images.xcassets */; };
		50A3155319F737C200973954 /* LaunchScreen.xib in Resources */ = {isa = PBXBuildFile; fileRef = 50A3155119F737C200973954 /* LaunchScreen.xib */; };
		50A3155F19F737C300973954 /* SwiftLandscapeCalcTests.swift in Sources */ = {isa = PBXBuildFile; fileRef = 50A3155E19F737C300973954 /* SwiftLandscapeCalcTests.swift */; };
/* End PBXBuildFile section */

/* Begin PBXContainerItemProxy section */
		50A3155919F737C300973954 /* PBXContainerItemProxy */ = {
			isa = PBXContainerItemProxy;
			containerPortal = 50A3153819F737C200973954 /* Project object */;
			proxyType = 1;
			remoteGlobalIDString = 50A3153F19F737C200973954;
			remoteInfo = SwiftLandscapeCalc;
		};
/* End PBXContainerItemProxy section */

/* Begin PBXFileReference section */
		50A3154019F737C200973954 /* SwiftLandscapeCalc.app */ = {isa = PBXFileReference; explicitFileType = wrapper.application; includeInIndex = 0; path = SwiftLandscapeCalc.app; sourceTree = BUILT_PRODUCTS_DIR; };
		50A3154419F737C200973954 /* Info.plist */ = {isa = PBXFileReference; lastKnownFileType = text.plist.xml; path = Info.plist; sourceTree = "<group>"; };
		50A3154519F737C200973954 /* AppDelegate.swift */ = {isa = PBXFileReference; lastKnownFileType = sourcecode.swift; path = AppDelegate.swift; sourceTree = "<group>"; };
		50A3154819F737C200973954 /* SwiftLandscapeCalc.xcdatamodel */ = {isa = PBXFileReference; lastKnownFileType = wrapper.xcdatamodel; path = SwiftLandscapeCalc.xcdatamodel; sourceTree = "<group>"; };
		50A3154A19F737C200973954 /* ViewController.swift */ = {isa = PBXFileReference; lastKnownFileType = sourcecode.swift; path = ViewController.swift; sourceTree = "<group>"; };
		50A3154D19F737C200973954 /* Base */ = {isa = PBXFileReference; lastKnownFileType = file.storyboard; name = Base; path = Base.lproj/Main.storyboard; sourceTree = "<group>"; };
		50A3154F19F737C200973954 /* Images.xcassets */ = {isa = PBXFileReference; lastKnownFileType = folder.assetcatalog; path = Images.xcassets; sourceTree = "<group>"; };
		50A3155219F737C200973954 /* Base */ = {isa = PBXFileReference; lastKnownFileType = file.xib; name = Base; path = Base.lproj/LaunchScreen.xib; sourceTree = "<group>"; };
		50A3155819F737C300973954 /* SwiftLandscapeCalcTests.xctest */ = {isa = PBXFileReference; explicitFileType = wrapper.cfbundle; includeInIndex = 0; path = SwiftLandscapeCalcTests.xctest; sourceTree = BUILT_PRODUCTS_DIR; };
		50A3155D19F737C300973954 /* Info.plist */ = {isa = PBXFileReference; lastKnownFileType = text.plist.xml; path = Info.plist; sourceTree = "<group>"; };
		50A3155E19F737C300973954 /* SwiftLandscapeCalcTests.swift */ = {isa = PBXFileReference; lastKnownFileType = sourcecode.swift; path = SwiftLandscapeCalcTests.swift; sourceTree = "<group>"; };
/* End PBXFileReference section */

/* Begin PBXFrameworksBuildPhase section */
		50A3153D19F737C200973954 /* Frameworks */ = {
			isa = PBXFrameworksBuildPhase;
			buildActionMask = 2147483647;
			files = (
			);
			runOnlyForDeploymentPostprocessing = 0;
		};
		50A3155519F737C300973954 /* Frameworks */ = {
			isa = PBXFrameworksBuildPhase;
			buildActionMask = 2147483647;
			files = (
			);
			runOnlyForDeploymentPostprocessing = 0;
		};
/* End PBXFrameworksBuildPhase section */

/* Begin PBXGroup section */
		50A3153719F737C200973954 = {
			isa = PBXGroup;
			children = (
				50A3154219F737C200973954 /* SwiftLandscapeCalc */,
				50A3155B19F737C300973954 /* SwiftLandscapeCalcTests */,
				50A3154119F737C200973954 /* Products */,
			);
			sourceTree = "<group>";
		};
		50A3154119F737C200973954 /* Products */ = {
			isa = PBXGroup;
			children = (
				50A3154019F737C200973954 /* SwiftLandscapeCalc.app */,
				50A3155819F737C300973954 /* SwiftLandscapeCalcTests.xctest */,
			);
			name = Products;
			sourceTree = "<group>";
		};
		50A3154219F737C200973954 /* SwiftLandscapeCalc */ = {
			isa = PBXGroup;
			children = (
				50A3154519F737C200973954 /* AppDelegate.swift */,
				50A3154A19F737C200973954 /* ViewController.swift */,
				50A3154C19F737C200973954 /* Main.storyboard */,
				50A3154F19F737C200973954 /* Images.xcassets */,
				50A3155119F737C200973954 /* LaunchScreen.xib */,
				50A3154719F737C200973954 /* SwiftLandscapeCalc.xcdatamodeld */,
				50A3154319F737C200973954 /* Supporting Files */,
			);
			path = SwiftLandscapeCalc;
			sourceTree = "<group>";
		};
		50A3154319F737C200973954 /* Supporting Files */ = {
			isa = PBXGroup;
			children = (
				50A3154419F737C200973954 /* Info.plist */,
			);
			name = "Supporting Files";
			sourceTree = "<group>";
		};
		50A3155B19F737C300973954 /* SwiftLandscapeCalcTests */ = {
			isa = PBXGroup;
			children = (
				50A3155E19F737C300973954 /* SwiftLandscapeCalcTests.swift */,
				50A3155C19F737C300973954 /* Supporting Files */,
			);
			path = SwiftLandscapeCalcTests;
			sourceTree = "<group>";
		};
		50A3155C19F737C300973954 /* Supporting Files */ = {
			isa = PBXGroup;
			children = (
				50A3155D19F737C300973954 /* Info.plist */,
			);
			name = "Supporting Files";
			sourceTree = "<group>";
		};
/* End PBXGroup section */

/* Begin PBXNativeTarget section */
		50A3153F19F737C200973954 /* SwiftLandscapeCalc */ = {
			isa = PBXNativeTarget;
			buildConfigurationList = 50A3156219F737C300973954 /* Build configuration list for PBXNativeTarget "SwiftLandscapeCalc" */;
			buildPhases = (
				50A3153C19F737C200973954 /* Sources */,
				50A3153D19F737C200973954 /* Frameworks */,
				50A3153E19F737C200973954 /* Resources */,
			);
			buildRules = (
			);
			dependencies = (
			);
			name = SwiftLandscapeCalc;
			productName = SwiftLandscapeCalc;
			productReference = 50A3154019F737C200973954 /* SwiftLandscapeCalc.app */;
			productType = "com.apple.product-type.application";
		};
		50A3155719F737C300973954 /* SwiftLandscapeCalcTests */ = {
			isa = PBXNativeTarget;
			buildConfigurationList = 50A3156519F737C300973954 /* Build configuration list for PBXNativeTarget "SwiftLandscapeCalcTests" */;
			buildPhases = (
				50A3155419F737C300973954 /* Sources */,
				50A3155519F737C300973954 /* Frameworks */,
				50A3155619F737C300973954 /* Resources */,
			);
			buildRules = (
			);
			dependencies = (
				50A3155A19F737C300973954 /* PBXTargetDependency */,
			);
			name = SwiftLandscapeCalcTests;
			productName = SwiftLandscapeCalcTests;
			productReference = 50A3155819F737C300973954 /* SwiftLandscapeCalcTests.xctest */;
			productType = "com.apple.product-type.bundle.unit-test";
		};
/* End PBXNativeTarget section */

/* Begin PBXProject section */
		50A3153819F737C200973954 /* Project object */ = {
			isa = PBXProject;
			attributes = {
				LastUpgradeCheck = 0610;
				ORGANIZATIONNAME = "Albert Saucedo";
				TargetAttributes = {
					50A3153F19F737C200973954 = {
						CreatedOnToolsVersion = 6.1;
					};
					50A3155719F737C300973954 = {
						CreatedOnToolsVersion = 6.1;
						TestTargetID = 50A3153F19F737C200973954;
					};
				};
			};
			buildConfigurationList = 50A3153B19F737C200973954 /* Build configuration list for PBXProject "SwiftLandscapeCalc" */;
			compatibilityVersion = "Xcode 3.2";
			developmentRegion = English;
			hasScannedForEncodings = 0;
			knownRegions = (
				en,
				Base,
			);
			mainGroup = 50A3153719F737C200973954;
			productRefGroup = 50A3154119F737C200973954 /* Products */;
			projectDirPath = "";
			projectRoot = "";
			targets = (
				50A3153F19F737C200973954 /* SwiftLandscapeCalc */,
				50A3155719F737C300973954 /* SwiftLandscapeCalcTests */,
			);
		};
/* End PBXProject section */

/* Begin PBXResourcesBuildPhase section */
		50A3153E19F737C200973954 /* Resources */ = {
			isa = PBXResourcesBuildPhase;
			buildActionMask = 2147483647;
			files = (
				50A3154E19F737C200973954 /* Main.storyboard in Resources */,
				50A3155319F737C200973954 /* LaunchScreen.xib in Resources */,
				50A3155019F737C200973954 /* Images.xcassets in Resources */,
			);
			runOnlyForDeploymentPostprocessing = 0;
		};
		50A3155619F737C300973954 /* Resources */ = {
			isa = PBXResourcesBuildPhase;
			buildActionMask = 2147483647;
			files = (
			);
			runOnlyForDeploymentPostprocessing = 0;
		};
/* End PBXResourcesBuildPhase section */

/* Begin PBXSourcesBuildPhase section */
		50A3153C19F737C200973954 /* Sources */ = {
			isa = PBXSourcesBuildPhase;
			buildActionMask = 2147483647;
			files = (
				50A3154B19F737C200973954 /* ViewController.swift in Sources */,
				50A3154919F737C200973954 /* SwiftLandscapeCalc.xcdatamodeld in Sources */,
				50A3154619F737C200973954 /* AppDelegate.swift in Sources */,
			);
			runOnlyForDeploymentPostprocessing = 0;
		};
		50A3155419F737C300973954 /* Sources */ = {
			isa = PBXSourcesBuildPhase;
			buildActionMask = 2147483647;
			files = (
				50A3155F19F737C300973954 /* SwiftLandscapeCalcTests.swift in Sources */,
			);
			runOnlyForDeploymentPostprocessing = 0;
		};
/* End PBXSourcesBuildPhase section */

/* Begin PBXTargetDependency section */
		50A3155A19F737C300973954 /* PBXTargetDependency */ = {
			isa = PBXTargetDependency;
			target = 50A3153F19F737C200973954 /* SwiftLandscapeCalc */;
			targetProxy = 50A3155919F737C300973954 /* PBXContainerItemProxy */;
		};
/* End PBXTargetDependency section */

/* Begin PBXVariantGroup section */
		50A3154C19F737C200973954 /* Main.storyboard */ = {
			isa = PBXVariantGroup;
			children = (
				50A3154D19F737C200973954 /* Base */,
			);
			name = Main.storyboard;
			sourceTree = "<group>";
		};
		50A3155119F737C200973954 /* LaunchScreen.xib */ = {
			isa = PBXVariantGroup;
			children = (
				50A3155219F737C200973954 /* Base */,
			);
			name = LaunchScreen.xib;
			sourceTree = "<group>";
		};
/* End PBXVariantGroup section */

/* Begin XCBuildConfiguration section */
		50A3156019F737C300973954 /* Debug */ = {
			isa = XCBuildConfiguration;
			buildSettings = {
				ALWAYS_SEARCH_USER_PATHS = NO;
				CLANG_CXX_LANGUAGE_STANDARD = "gnu++0x";
				CLANG_CXX_LIBRARY = "libc++";
				CLANG_ENABLE_MODULES = YES;
				CLANG_ENABLE_OBJC_ARC = YES;
				CLANG_WARN_BOOL_CONVERSION = YES;
				CLANG_WARN_CONSTANT_CONVERSION = YES;
				CLANG_WARN_DIRECT_OBJC_ISA_USAGE = YES_ERROR;
				CLANG_WARN_EMPTY_BODY = YES;
				CLANG_WARN_ENUM_CONVERSION = YES;
				CLANG_WARN_INT_CONVERSION = YES;
				CLANG_WARN_OBJC_ROOT_CLASS = YES_ERROR;
				CLANG_WARN_UNREACHABLE_CODE = YES;
				CLANG_WARN__DUPLICATE_METHOD_MATCH = YES;
				"CODE_SIGN_IDENTITY[sdk=iphoneos*]" = "iPhone Developer";
				COPY_PHASE_STRIP = NO;
				ENABLE_STRICT_OBJC_MSGSEND = YES;
				GCC_C_LANGUAGE_STANDARD = gnu99;
				GCC_DYNAMIC_NO_PIC = NO;
				GCC_OPTIMIZATION_LEVEL = 0;
				GCC_PREPROCESSOR_DEFINITIONS = (
					"DEBUG=1",
					"$(inherited)",
				);
				GCC_SYMBOLS_PRIVATE_EXTERN = NO;
				GCC_WARN_64_TO_32_BIT_CONVERSION = YES;
				GCC_WARN_ABOUT_RETURN_TYPE = YES_ERROR;
				GCC_WARN_UNDECLARED_SELECTOR = YES;
				GCC_WARN_UNINITIALIZED_AUTOS = YES_AGGRESSIVE;
				GCC_WARN_UNUSED_FUNCTION = YES;
				GCC_WARN_UNUSED_VARIABLE = YES;
				IPHONEOS_DEPLOYMENT_TARGET = 8.1;
				MTL_ENABLE_DEBUG_INFO = YES;
				ONLY_ACTIVE_ARCH = YES;
				SDKROOT = iphoneos;
				SWIFT_OPTIMIZATION_LEVEL = "-Onone";
			};
			name = Debug;
		};
		50A3156119F737C300973954 /* Release */ = {
			isa = XCBuildConfiguration;
			buildSettings = {
				ALWAYS_SEARCH_USER_PATHS = NO;
				CLANG_CXX_LANGUAGE_STANDARD = "gnu++0x";
				CLANG_CXX_LIBRARY = "libc++";
				CLANG_ENABLE_MODULES = YES;
				CLANG_ENABLE_OBJC_ARC = YES;
				CLANG_WARN_BOOL_CONVERSION = YES;
				CLANG_WARN_CONSTANT_CONVERSION = YES;
				CLANG_WARN_DIRECT_OBJC_ISA_USAGE = YES_ERROR;
				CLANG_WARN_EMPTY_BODY = YES;
				CLANG_WARN_ENUM_CONVERSION = YES;
				CLANG_WARN_INT_CONVERSION = YES;
				CLANG_WARN_OBJC_ROOT_CLASS = YES_ERROR;
				CLANG_WARN_UNREACHABLE_CODE = YES;
				CLANG_WARN__DUPLICATE_METHOD_MATCH = YES;
				"CODE_SIGN_IDENTITY[sdk=iphoneos*]" = "iPhone Developer";
				COPY_PHASE_STRIP = YES;
				ENABLE_NS_ASSERTIONS = NO;
				ENABLE_STRICT_OBJC_MSGSEND = YES;
				GCC_C_LANGUAGE_STANDARD = gnu99;
				GCC_WARN_64_TO_32_BIT_CONVERSION = YES;
				GCC_WARN_ABOUT_RETURN_TYPE = YES_ERROR;
				GCC_WARN_UNDECLARED_SELECTOR = YES;
				GCC_WARN_UNINITIALIZED_AUTOS = YES_AGGRESSIVE;
				GCC_WARN_UNUSED_FUNCTION = YES;
				GCC_WARN_UNUSED_VARIABLE = YES;
				IPHONEOS_DEPLOYMENT_TARGET = 8.1;
				MTL_ENABLE_DEBUG_INFO = NO;
				SDKROOT = iphoneos;
				VALIDATE_PRODUCT = YES;
			};
			name = Release;
		};
		50A3156319F737C300973954 /* Debug */ = {
			isa = XCBuildConfiguration;
			buildSettings = {
				ASSETCATALOG_COMPILER_APPICON_NAME = AppIcon;
				INFOPLIST_FILE = SwiftLandscapeCalc/Info.plist;
				LD_RUNPATH_SEARCH_PATHS = "$(inherited) @executable_path/Frameworks";
				PRODUCT_NAME = "$(TARGET_NAME)";
			};
			name = Debug;
		};
		50A3156419F737C300973954 /* Release */ = {
			isa = XCBuildConfiguration;
			buildSettings = {
				ASSETCATALOG_COMPILER_APPICON_NAME = AppIcon;
				INFOPLIST_FILE = SwiftLandscapeCalc/Info.plist;
				LD_RUNPATH_SEARCH_PATHS = "$(inherited) @executable_path/Frameworks";
				PRODUCT_NAME = "$(TARGET_NAME)";
			};
			name = Release;
		};
		50A3156619F737C300973954 /* Debug */ = {
			isa = XCBuildConfiguration;
			buildSettings = {
				BUNDLE_LOADER = "$(TEST_HOST)";
				FRAMEWORK_SEARCH_PATHS = (
					"$(SDKROOT)/Developer/Library/Frameworks",
					"$(inherited)",
				);
				GCC_PREPROCESSOR_DEFINITIONS = (
					"DEBUG=1",
					"$(inherited)",
				);
				INFOPLIST_FILE = SwiftLandscapeCalcTests/Info.plist;
				LD_RUNPATH_SEARCH_PATHS = "$(inherited) @executable_path/Frameworks @loader_path/Frameworks";
				PRODUCT_NAME = "$(TARGET_NAME)";
				TEST_HOST = "$(BUILT_PRODUCTS_DIR)/SwiftLandscapeCalc.app/SwiftLandscapeCalc";
			};
			name = Debug;
		};
		50A3156719F737C300973954 /* Release */ = {
			isa = XCBuildConfiguration;
			buildSettings = {
				BUNDLE_LOADER = "$(TEST_HOST)";
				FRAMEWORK_SEARCH_PATHS = (
					"$(SDKROOT)/Developer/Library/Frameworks",
					"$(inherited)",
				);
				INFOPLIST_FILE = SwiftLandscapeCalcTests/Info.plist;
				LD_RUNPATH_SEARCH_PATHS = "$(inherited) @executable_path/Frameworks @loader_path/Frameworks";
				PRODUCT_NAME = "$(TARGET_NAME)";
				TEST_HOST = "$(BUILT_PRODUCTS_DIR)/SwiftLandscapeCalc.app/SwiftLandscapeCalc";
			};
			name = Release;
		};
/* End XCBuildConfiguration section */

/* Begin XCConfigurationList section */
		50A3153B19F737C200973954 /* Build configuration list for PBXProject "SwiftLandscapeCalc" */ = {
			isa = XCConfigurationList;
			buildConfigurations = (
				50A3156019F737C300973954 /* Debug */,
				50A3156119F737C300973954 /* Release */,
			);
			defaultConfigurationIsVisible = 0;
			defaultConfigurationName = Release;
		};
		50A3156219F737C300973954 /* Build configuration list for PBXNativeTarget "SwiftLandscapeCalc" */ = {
			isa = XCConfigurationList;
			buildConfigurations = (
				50A3156319F737C300973954 /* Debug */,
				50A3156419F737C300973954 /* Release */,
			);
			defaultConfigurationIsVisible = 0;
		};
		50A3156519F737C300973954 /* Build configuration list for PBXNativeTarget "SwiftLandscapeCalcTests" */ = {
			isa = XCConfigurationList;
			buildConfigurations = (
				50A3156619F737C300973954 /* Debug */,
				50A3156719F737C300973954 /* Release */,
			);
			defaultConfigurationIsVisible = 0;
		};
/* End XCConfigurationList section */

/* Begin XCVersionGroup section */
		50A3154719F737C200973954 /* SwiftLandscapeCalc.xcdatamodeld */ = {
			isa = XCVersionGroup;
			children = (
				50A3154819F737C200973954 /* SwiftLandscapeCalc.xcdatamodel */,
			);
			currentVersion = 50A3154819F737C200973954 /* SwiftLandscapeCalc.xcdatamodel */;
			path = SwiftLandscapeCalc.xcdatamodeld;
			sourceTree = "<group>";
			versionGroupType = wrapper.xcdatamodel;
		};
/* End XCVersionGroup section */
	};
	rootObject = 50A3153819F737C200973954 /* Project object */;
}
